
Microsoft Visual Studio Solution File, Format Version 12.00
# Visual Studio Version 16
VisualStudioVersion = 16.0.33130.400
MinimumVisualStudioVersion = 10.0.40219.1
Project("{FAE04EC0-301F-11D3-BF4B-00C04F79EFBC}") = "CoCarClientCs", "CoCarClientCs\CoCarClientCs.csproj", "{60214A69-55F3-4C22-9635-002D6C4F317F}"
EndProject
Global
	GlobalSection(SolutionConfigurationPlatforms) = preSolution
		Debug|Any CPU = Debug|Any CPU
		Release|Any CPU = Release|Any CPU
	EndGlobalSection
	GlobalSection(ProjectConfigurationPlatforms) = postSolution
		{60214A69-55F3-4C22-9635-002D6C4F317F}.Debug|Any CPU.ActiveCfg = Debug|Any CPU
		{60214A69-55F3-4C22-9635-002D6C4F317F}.Debug|Any CPU.Build.0 = Debug|Any CPU
		{60214A69-55F3-4C22-9635-002D6C4F317F}.Release|Any CPU.ActiveCfg = Release|Any CPU
		{60214A69-55F3-4C22-9635-002D6C4F317F}.Release|Any CPU.Build.0 = Release|Any CPU
	EndGlobalSection
	GlobalSection(SolutionProperties) = preSolution
		HideSolutionNode = FALSE
	EndGlobalSection
	GlobalSection(ExtensibilityGlobals) = postSolution
		SolutionGuid = {938C2D31-7F3E-4F93-BD60-B0B90FF9C97B}
	EndGlobalSection
EndGlobal
